
Microsoft Visual Studio Solution File, Format Version 12.00
# Visual Studio Version 17
VisualStudioVersion = 17.0.31903.59

# ── Source ────────────────────────────────────────────────────────────────────
Project("{FAE04EC0-301F-11D3-BF4B-00C04F79EFBC}") = "DeviceApi", "src\DeviceApi\DeviceApi.csproj", "{A1B2C3D4-0001-0001-0001-000000000001}"
EndProject

# ── Tests ─────────────────────────────────────────────────────────────────────
Project("{FAE04EC0-301F-11D3-BF4B-00C04F79EFBC}") = "DeviceApi.Provider.Tests", "tests\DeviceApi.Provider.Tests\DeviceApi.Provider.Tests.csproj", "{A1B2C3D4-0003-0003-0003-000000000003}"
EndProject

# ── Tools ─────────────────────────────────────────────────────────────────────
Project("{FAE04EC0-301F-11D3-BF4B-00C04F79EFBC}") = "SwaggerPactGenerator", "tools\SwaggerPactGenerator\SwaggerPactGenerator.csproj", "{A1B2C3D4-0004-0004-0004-000000000004}"
EndProject

# ── Solution folders ──────────────────────────────────────────────────────────
Project("{2150E333-8FDC-42A3-9474-1A3956D46DE8}") = "src", "src", "{F0000001-0000-0000-0000-000000000001}"
EndProject
Project("{2150E333-8FDC-42A3-9474-1A3956D46DE8}") = "tests", "tests", "{F0000002-0000-0000-0000-000000000002}"
EndProject
Project("{2150E333-8FDC-42A3-9474-1A3956D46DE8}") = "tools", "tools", "{F0000003-0000-0000-0000-000000000003}"
EndProject

Global
    GlobalSection(SolutionConfigurationPlatforms) = preSolution
        Debug|Any CPU = Debug|Any CPU
        Release|Any CPU = Release|Any CPU
    EndGlobalSection

    GlobalSection(ProjectConfigurationPlatforms) = postSolution
        {A1B2C3D4-0001-0001-0001-000000000001}.Debug|Any CPU.ActiveCfg = Debug|Any CPU
        {A1B2C3D4-0001-0001-0001-000000000001}.Debug|Any CPU.Build.0 = Debug|Any CPU
        {A1B2C3D4-0001-0001-0001-000000000001}.Release|Any CPU.ActiveCfg = Release|Any CPU
        {A1B2C3D4-0001-0001-0001-000000000001}.Release|Any CPU.Build.0 = Release|Any CPU

        {A1B2C3D4-0003-0003-0003-000000000003}.Debug|Any CPU.ActiveCfg = Debug|Any CPU
        {A1B2C3D4-0003-0003-0003-000000000003}.Debug|Any CPU.Build.0 = Debug|Any CPU
        {A1B2C3D4-0003-0003-0003-000000000003}.Release|Any CPU.ActiveCfg = Release|Any CPU
        {A1B2C3D4-0003-0003-0003-000000000003}.Release|Any CPU.Build.0 = Release|Any CPU

        {A1B2C3D4-0004-0004-0004-000000000004}.Debug|Any CPU.ActiveCfg = Debug|Any CPU
        {A1B2C3D4-0004-0004-0004-000000000004}.Debug|Any CPU.Build.0 = Debug|Any CPU
        {A1B2C3D4-0004-0004-0004-000000000004}.Release|Any CPU.ActiveCfg = Release|Any CPU
        {A1B2C3D4-0004-0004-0004-000000000004}.Release|Any CPU.Build.0 = Release|Any CPU
    EndGlobalSection

    GlobalSection(NestedProjects) = preSolution
        {A1B2C3D4-0001-0001-0001-000000000001} = {F0000001-0000-0000-0000-000000000001}
        {A1B2C3D4-0003-0003-0003-000000000003} = {F0000002-0000-0000-0000-000000000002}
        {A1B2C3D4-0004-0004-0004-000000000004} = {F0000003-0000-0000-0000-000000000003}
    EndGlobalSection
EndGlobal
